// !$*UTF8*$!
{
	archiveVersion = 1;
	classes = {
	};
	objectVersion = 56;
	objects = {

/* Begin PBXBuildFile section */
		AC1862A029BD375300D73653 /* ParksViewModel.swift in Sources */ = {isa = PBXBuildFile; fileRef = AC18629F29BD375300D73653 /* ParksViewModel.swift */; };
		ACD36B3229B9446B003ADFDA /* ParksApp.swift in Sources */ = {isa = PBXBuildFile; fileRef = ACD36B3129B9446B003ADFDA /* ParksApp.swift */; };
		ACD36B3429B9446B003ADFDA /* Parks.swift in Sources */ = {isa = PBXBuildFile; fileRef = ACD36B3329B9446B003ADFDA /* Parks.swift */; };
		ACD36B3629B9446C003ADFDA /* Assets.xcassets in Resources */ = {isa = PBXBuildFile; fileRef = ACD36B3529B9446C003ADFDA /* Assets.xcassets */; };
		ACD36B3929B9446C003ADFDA /* Preview Assets.xcassets in Resources */ = {isa = PBXBuildFile; fileRef = ACD36B3829B9446C003ADFDA /* Preview Assets.xcassets */; };
		ACD36B4129B944A3003ADFDA /* ParkModel.swift in Sources */ = {isa = PBXBuildFile; fileRef = ACD36B4029B944A3003ADFDA /* ParkModel.swift */; };
		ACD36B4429B94637003ADFDA /* ContactModel.swift in Sources */ = {isa = PBXBuildFile; fileRef = ACD36B4329B94637003ADFDA /* ContactModel.swift */; };
		ACD36B4629B94651003ADFDA /* AddressModel.swift in Sources */ = {isa = PBXBuildFile; fileRef = ACD36B4529B94651003ADFDA /* AddressModel.swift */; };
		ACD36B4829B9465C003ADFDA /* ParkImageModel.swift in Sources */ = {isa = PBXBuildFile; fileRef = ACD36B4729B9465C003ADFDA /* ParkImageModel.swift */; };
		ACD36B4A29B94743003ADFDA /* ParkDetail.swift in Sources */ = {isa = PBXBuildFile; fileRef = ACD36B4929B94743003ADFDA /* ParkDetail.swift */; };
		ACD36B4C29B9482A003ADFDA /* AddressView.swift in Sources */ = {isa = PBXBuildFile; fileRef = ACD36B4B29B9482A003ADFDA /* AddressView.swift */; };
		ACD36B4E29B948BC003ADFDA /* MapView.swift in Sources */ = {isa = PBXBuildFile; fileRef = ACD36B4D29B948BC003ADFDA /* MapView.swift */; };
		ACD36B5029B94996003ADFDA /* ContactView.swift in Sources */ = {isa = PBXBuildFile; fileRef = ACD36B4F29B94996003ADFDA /* ContactView.swift */; };
		ACD36B5229B94A8C003ADFDA /* ImageCardView.swift in Sources */ = {isa = PBXBuildFile; fileRef = ACD36B5129B94A8C003ADFDA /* ImageCardView.swift */; };
/* End PBXBuildFile section */

/* Begin PBXFileReference section */
		AC18629F29BD375300D73653 /* ParksViewModel.swift */ = {isa = PBXFileReference; lastKnownFileType = sourcecode.swift; path = ParksViewModel.swift; sourceTree = "<group>"; };
		ACD36B2E29B9446B003ADFDA /* Parks.app */ = {isa = PBXFileReference; explicitFileType = wrapper.application; includeInIndex = 0; path = Parks.app; sourceTree = BUILT_PRODUCTS_DIR; };
		ACD36B3129B9446B003ADFDA /* ParksApp.swift */ = {isa = PBXFileReference; lastKnownFileType = sourcecode.swift; path = ParksApp.swift; sourceTree = "<group>"; };
		ACD36B3329B9446B003ADFDA /* Parks.swift */ = {isa = PBXFileReference; lastKnownFileType = sourcecode.swift; path = Parks.swift; sourceTree = "<group>"; };
		ACD36B3529B9446C003ADFDA /* Assets.xcassets */ = {isa = PBXFileReference; lastKnownFileType = folder.assetcatalog; path = Assets.xcassets; sourceTree = "<group>"; };
		ACD36B3829B9446C003ADFDA /* Preview Assets.xcassets */ = {isa = PBXFileReference; lastKnownFileType = folder.assetcatalog; path = "Preview Assets.xcassets"; sourceTree = "<group>"; };
		ACD36B4029B944A3003ADFDA /* ParkModel.swift */ = {isa = PBXFileReference; lastKnownFileType = sourcecode.swift; path = ParkModel.swift; sourceTree = "<group>"; };
		ACD36B4329B94637003ADFDA /* ContactModel.swift */ = {isa = PBXFileReference; lastKnownFileType = sourcecode.swift; path = ContactModel.swift; sourceTree = "<group>"; };
		ACD36B4529B94651003ADFDA /* AddressModel.swift */ = {isa = PBXFileReference; lastKnownFileType = sourcecode.swift; path = AddressModel.swift; sourceTree = "<group>"; };
		ACD36B4729B9465C003ADFDA /* ParkImageModel.swift */ = {isa = PBXFileReference; lastKnownFileType = sourcecode.swift; path = ParkImageModel.swift; sourceTree = "<group>"; };
		ACD36B4929B94743003ADFDA /* ParkDetail.swift */ = {isa = PBXFileReference; lastKnownFileType = sourcecode.swift; path = ParkDetail.swift; sourceTree = "<group>"; };
		ACD36B4B29B9482A003ADFDA /* AddressView.swift */ = {isa = PBXFileReference; lastKnownFileType = sourcecode.swift; path = AddressView.swift; sourceTree = "<group>"; };
		ACD36B4D29B948BC003ADFDA /* MapView.swift */ = {isa = PBXFileReference; lastKnownFileType = sourcecode.swift; path = MapView.swift; sourceTree = "<group>"; };
		ACD36B4F29B94996003ADFDA /* ContactView.swift */ = {isa = PBXFileReference; lastKnownFileType = sourcecode.swift; path = ContactView.swift; sourceTree = "<group>"; };
		ACD36B5129B94A8C003ADFDA /* ImageCardView.swift */ = {isa = PBXFileReference; lastKnownFileType = sourcecode.swift; path = ImageCardView.swift; sourceTree = "<group>"; };
/* End PBXFileReference section */

/* Begin PBXFrameworksBuildPhase section */
		ACD36B2B29B9446B003ADFDA /* Frameworks */ = {
			isa = PBXFrameworksBuildPhase;
			buildActionMask = 2147483647;
			files = (
			);
			runOnlyForDeploymentPostprocessing = 0;
		};
/* End PBXFrameworksBuildPhase section */

/* Begin PBXGroup section */
		AC1862A129BD4AA500D73653 /* ViewModels */ = {
			isa = PBXGroup;
			children = (
				AC18629F29BD375300D73653 /* ParksViewModel.swift */,
			);
			path = ViewModels;
			sourceTree = "<group>";
		};
		ACD36B2529B9446B003ADFDA = {
			isa = PBXGroup;
			children = (
				ACD36B3029B9446B003ADFDA /* Parks */,
				ACD36B2F29B9446B003ADFDA /* Products */,
			);
			sourceTree = "<group>";
		};
		ACD36B2F29B9446B003ADFDA /* Products */ = {
			isa = PBXGroup;
			children = (
				ACD36B2E29B9446B003ADFDA /* Parks.app */,
			);
			name = Products;
			sourceTree = "<group>";
		};
		ACD36B3029B9446B003ADFDA /* Parks */ = {
			isa = PBXGroup;
			children = (
				ACD36B3129B9446B003ADFDA /* ParksApp.swift */,
				AC1862A129BD4AA500D73653 /* ViewModels */,
				ACD36B4229B944A7003ADFDA /* Models */,
				ACD36B3F29B94492003ADFDA /* Views */,
				ACD36B3529B9446C003ADFDA /* Assets.xcassets */,
				ACD36B3729B9446C003ADFDA /* Preview Content */,
			);
			path = Parks;
			sourceTree = "<group>";
		};
		ACD36B3729B9446C003ADFDA /* Preview Content */ = {
			isa = PBXGroup;
			children = (
				ACD36B3829B9446C003ADFDA /* Preview Assets.xcassets */,
			);
			path = "Preview Content";
			sourceTree = "<group>";
		};
		ACD36B3F29B94492003ADFDA /* Views */ = {
			isa = PBXGroup;
			children = (
				ACD36B3329B9446B003ADFDA /* Parks.swift */,
				ACD36B4929B94743003ADFDA /* ParkDetail.swift */,
				ACD36B4B29B9482A003ADFDA /* AddressView.swift */,
				ACD36B4D29B948BC003ADFDA /* MapView.swift */,
				ACD36B4F29B94996003ADFDA /* ContactView.swift */,
				ACD36B5129B94A8C003ADFDA /* ImageCardView.swift */,
			);
			path = Views;
			sourceTree = "<group>";
		};
		ACD36B4229B944A7003ADFDA /* Models */ = {
			isa = PBXGroup;
			children = (
				ACD36B4029B944A3003ADFDA /* ParkModel.swift */,
				ACD36B4329B94637003ADFDA /* ContactModel.swift */,
				ACD36B4529B94651003ADFDA /* AddressModel.swift */,
				ACD36B4729B9465C003ADFDA /* ParkImageModel.swift */,
			);
			path = Models;
			sourceTree = "<group>";
		};
/* End PBXGroup section */

/* Begin PBXNativeTarget section */
		ACD36B2D29B9446B003ADFDA /* Parks */ = {
			isa = PBXNativeTarget;
			buildConfigurationList = ACD36B3C29B9446C003ADFDA /* Build configuration list for PBXNativeTarget "Parks" */;
			buildPhases = (
				ACD36B2A29B9446B003ADFDA /* Sources */,
				ACD36B2B29B9446B003ADFDA /* Frameworks */,
				ACD36B2C29B9446B003ADFDA /* Resources */,
			);
			buildRules = (
			);
			dependencies = (
			);
			name = Parks;
			productName = Parks;
			productReference = ACD36B2E29B9446B003ADFDA /* Parks.app */;
			productType = "com.apple.product-type.application";
		};
/* End PBXNativeTarget section */

/* Begin PBXProject section */
		ACD36B2629B9446B003ADFDA /* Project object */ = {
			isa = PBXProject;
			attributes = {
				BuildIndependentTargetsInParallel = 1;
				LastSwiftUpdateCheck = 1420;
				LastUpgradeCheck = 1420;
				TargetAttributes = {
					ACD36B2D29B9446B003ADFDA = {
						CreatedOnToolsVersion = 14.2;
					};
				};
			};
			buildConfigurationList = ACD36B2929B9446B003ADFDA /* Build configuration list for PBXProject "Parks" */;
			compatibilityVersion = "Xcode 14.0";
			developmentRegion = en;
			hasScannedForEncodings = 0;
			knownRegions = (
				en,
				Base,
			);
			mainGroup = ACD36B2529B9446B003ADFDA;
			productRefGroup = ACD36B2F29B9446B003ADFDA /* Products */;
			projectDirPath = "";
			projectRoot = "";
			targets = (
				ACD36B2D29B9446B003ADFDA /* Parks */,
			);
		};
/* End PBXProject section */

/* Begin PBXResourcesBuildPhase section */
		ACD36B2C29B9446B003ADFDA /* Resources */ = {
			isa = PBXResourcesBuildPhase;
			buildActionMask = 2147483647;
			files = (
				ACD36B3929B9446C003ADFDA /* Preview Assets.xcassets in Resources */,
				ACD36B3629B9446C003ADFDA /* Assets.xcassets in Resources */,
			);
			runOnlyForDeploymentPostprocessing = 0;
		};
/* End PBXResourcesBuildPhase section */

/* Begin PBXSourcesBuildPhase section */
		ACD36B2A29B9446B003ADFDA /* Sources */ = {
			isa = PBXSourcesBuildPhase;
			buildActionMask = 2147483647;
			files = (
				ACD36B4A29B94743003ADFDA /* ParkDetail.swift in Sources */,
				ACD36B3429B9446B003ADFDA /* Parks.swift in Sources */,
				ACD36B4129B944A3003ADFDA /* ParkModel.swift in Sources */,
				ACD36B5029B94996003ADFDA /* ContactView.swift in Sources */,
				ACD36B4429B94637003ADFDA /* ContactModel.swift in Sources */,
				ACD36B3229B9446B003ADFDA /* ParksApp.swift in Sources */,
				ACD36B4C29B9482A003ADFDA /* AddressView.swift in Sources */,
				ACD36B4629B94651003ADFDA /* AddressModel.swift in Sources */,
				AC1862A029BD375300D73653 /* ParksViewModel.swift in Sources */,
				ACD36B4E29B948BC003ADFDA /* MapView.swift in Sources */,
				ACD36B4829B9465C003ADFDA /* ParkImageModel.swift in Sources */,
				ACD36B5229B94A8C003ADFDA /* ImageCardView.swift in Sources */,
			);
			runOnlyForDeploymentPostprocessing = 0;
		};
/* End PBXSourcesBuildPhase section */

/* Begin XCBuildConfiguration section */
		ACD36B3A29B9446C003ADFDA /* Debug */ = {
			isa = XCBuildConfiguration;
			buildSettings = {
				ALWAYS_SEARCH_USER_PATHS = NO;
				CLANG_ANALYZER_NONNULL = YES;
				CLANG_ANALYZER_NUMBER_OBJECT_CONVERSION = YES_AGGRESSIVE;
				CLANG_CXX_LANGUAGE_STANDARD = "gnu++20";
				CLANG_ENABLE_MODULES = YES;
				CLANG_ENABLE_OBJC_ARC = YES;
				CLANG_ENABLE_OBJC_WEAK = YES;
				CLANG_WARN_BLOCK_CAPTURE_AUTORELEASING = YES;
				CLANG_WARN_BOOL_CONVERSION = YES;
				CLANG_WARN_COMMA = YES;
				CLANG_WARN_CONSTANT_CONVERSION = YES;
				CLANG_WARN_DEPRECATED_OBJC_IMPLEMENTATIONS = YES;
				CLANG_WARN_DIRECT_OBJC_ISA_USAGE = YES_ERROR;
				CLANG_WARN_DOCUMENTATION_COMMENTS = YES;
				CLANG_WARN_EMPTY_BODY = YES;
				CLANG_WARN_ENUM_CONVERSION = YES;
				CLANG_WARN_INFINITE_RECURSION = YES;
				CLANG_WARN_INT_CONVERSION = YES;
				CLANG_WARN_NON_LITERAL_NULL_CONVERSION = YES;
				CLANG_WARN_OBJC_IMPLICIT_RETAIN_SELF = YES;
				CLANG_WARN_OBJC_LITERAL_CONVERSION = YES;
				CLANG_WARN_OBJC_ROOT_CLASS = YES_ERROR;
				CLANG_WARN_QUOTED_INCLUDE_IN_FRAMEWORK_HEADER = YES;
				CLANG_WARN_RANGE_LOOP_ANALYSIS = YES;
				CLANG_WARN_STRICT_PROTOTYPES = YES;
				CLANG_WARN_SUSPICIOUS_MOVE = YES;
				CLANG_WARN_UNGUARDED_AVAILABILITY = YES_AGGRESSIVE;
				CLANG_WARN_UNREACHABLE_CODE = YES;
				CLANG_WARN__DUPLICATE_METHOD_MATCH = YES;
				COPY_PHASE_STRIP = NO;
				DEBUG_INFORMATION_FORMAT = dwarf;
				ENABLE_STRICT_OBJC_MSGSEND = YES;
				ENABLE_TESTABILITY = YES;
				GCC_C_LANGUAGE_STANDARD = gnu11;
				GCC_DYNAMIC_NO_PIC = NO;
				GCC_NO_COMMON_BLOCKS = YES;
				GCC_OPTIMIZATION_LEVEL = 0;
				GCC_PREPROCESSOR_DEFINITIONS = (
					"DEBUG=1",
					"$(inherited)",
				);
				GCC_WARN_64_TO_32_BIT_CONVERSION = YES;
				GCC_WARN_ABOUT_RETURN_TYPE = YES_ERROR;
				GCC_WARN_UNDECLARED_SELECTOR = YES;
				GCC_WARN_UNINITIALIZED_AUTOS = YES_AGGRESSIVE;
				GCC_WARN_UNUSED_FUNCTION = YES;
				GCC_WARN_UNUSED_VARIABLE = YES;
				IPHONEOS_DEPLOYMENT_TARGET = 16.2;
				MTL_ENABLE_DEBUG_INFO = INCLUDE_SOURCE;
				MTL_FAST_MATH = YES;
				ONLY_ACTIVE_ARCH = YES;
				SDKROOT = iphoneos;
				SWIFT_ACTIVE_COMPILATION_CONDITIONS = DEBUG;
				SWIFT_OPTIMIZATION_LEVEL = "-Onone";
			};
			name = Debug;
		};
		ACD36B3B29B9446C003ADFDA /* Release */ = {
			isa = XCBuildConfiguration;
			buildSettings = {
				ALWAYS_SEARCH_USER_PATHS = NO;
				CLANG_ANALYZER_NONNULL = YES;
				CLANG_ANALYZER_NUMBER_OBJECT_CONVERSION = YES_AGGRESSIVE;
				CLANG_CXX_LANGUAGE_STANDARD = "gnu++20";
				CLANG_ENABLE_MODULES = YES;
				CLANG_ENABLE_OBJC_ARC = YES;
				CLANG_ENABLE_OBJC_WEAK = YES;
				CLANG_WARN_BLOCK_CAPTURE_AUTORELEASING = YES;
				CLANG_WARN_BOOL_CONVERSION = YES;
				CLANG_WARN_COMMA = YES;
				CLANG_WARN_CONSTANT_CONVERSION = YES;
				CLANG_WARN_DEPRECATED_OBJC_IMPLEMENTATIONS = YES;
				CLANG_WARN_DIRECT_OBJC_ISA_USAGE = YES_ERROR;
				CLANG_WARN_DOCUMENTATION_COMMENTS = YES;
				CLANG_WARN_EMPTY_BODY = YES;
				CLANG_WARN_ENUM_CONVERSION = YES;
				CLANG_WARN_INFINITE_RECURSION = YES;
				CLANG_WARN_INT_CONVERSION = YES;
				CLANG_WARN_NON_LITERAL_NULL_CONVERSION = YES;
				CLANG_WARN_OBJC_IMPLICIT_RETAIN_SELF = YES;
				CLANG_WARN_OBJC_LITERAL_CONVERSION = YES;
				CLANG_WARN_OBJC_ROOT_CLASS = YES_ERROR;
				CLANG_WARN_QUOTED_INCLUDE_IN_FRAMEWORK_HEADER = YES;
				CLANG_WARN_RANGE_LOOP_ANALYSIS = YES;
				CLANG_WARN_STRICT_PROTOTYPES = YES;
				CLANG_WARN_SUSPICIOUS_MOVE = YES;
				CLANG_WARN_UNGUARDED_AVAILABILITY = YES_AGGRESSIVE;
				CLANG_WARN_UNREACHABLE_CODE = YES;
				CLANG_WARN__DUPLICATE_METHOD_MATCH = YES;
				COPY_PHASE_STRIP = NO;
				DEBUG_INFORMATION_FORMAT = "dwarf-with-dsym";
				ENABLE_NS_ASSERTIONS = NO;
				ENABLE_STRICT_OBJC_MSGSEND = YES;
				GCC_C_LANGUAGE_STANDARD = gnu11;
				GCC_NO_COMMON_BLOCKS = YES;
				GCC_WARN_64_TO_32_BIT_CONVERSION = YES;
				GCC_WARN_ABOUT_RETURN_TYPE = YES_ERROR;
				GCC_WARN_UNDECLARED_SELECTOR = YES;
				GCC_WARN_UNINITIALIZED_AUTOS = YES_AGGRESSIVE;
				GCC_WARN_UNUSED_FUNCTION = YES;
				GCC_WARN_UNUSED_VARIABLE = YES;
				IPHONEOS_DEPLOYMENT_TARGET = 16.2;
				MTL_ENABLE_DEBUG_INFO = NO;
				MTL_FAST_MATH = YES;
				SDKROOT = iphoneos;
				SWIFT_COMPILATION_MODE = wholemodule;
				SWIFT_OPTIMIZATION_LEVEL = "-O";
				VALIDATE_PRODUCT = YES;
			};
			name = Release;
		};
		ACD36B3D29B9446C003ADFDA /* Debug */ = {
			isa = XCBuildConfiguration;
			buildSettings = {
				ASSETCATALOG_COMPILER_APPICON_NAME = AppIcon;
				ASSETCATALOG_COMPILER_GLOBAL_ACCENT_COLOR_NAME = AccentColor;
				CODE_SIGN_STYLE = Automatic;
				CURRENT_PROJECT_VERSION = 1;
				DEVELOPMENT_ASSET_PATHS = "\"Parks/Preview Content\"";
				DEVELOPMENT_TEAM = JA95FP3USP;
				ENABLE_PREVIEWS = YES;
				GENERATE_INFOPLIST_FILE = YES;
				INFOPLIST_KEY_UIApplicationSceneManifest_Generation = YES;
				INFOPLIST_KEY_UIApplicationSupportsIndirectInputEvents = YES;
				INFOPLIST_KEY_UILaunchScreen_Generation = YES;
				INFOPLIST_KEY_UISupportedInterfaceOrientations_iPad = "UIInterfaceOrientationPortrait UIInterfaceOrientationPortraitUpsideDown UIInterfaceOrientationLandscapeLeft UIInterfaceOrientationLandscapeRight";
				INFOPLIST_KEY_UISupportedInterfaceOrientations_iPhone = "UIInterfaceOrientationPortrait UIInterfaceOrientationLandscapeLeft UIInterfaceOrientationLandscapeRight";
				LD_RUNPATH_SEARCH_PATHS = (
					"$(inherited)",
					"@executable_path/Frameworks",
				);
				MARKETING_VERSION = 1.0;
				PRODUCT_BUNDLE_IDENTIFIER = edu.auburn.onlinecsse.Parks;
				PRODUCT_NAME = "$(TARGET_NAME)";
				SWIFT_EMIT_LOC_STRINGS = YES;
				SWIFT_VERSION = 5.0;
				TARGETED_DEVICE_FAMILY = "1,2";
			};
			name = Debug;
		};
		ACD36B3E29B9446C003ADFDA /* Release */ = {
			isa = XCBuildConfiguration;
			buildSettings = {
				ASSETCATALOG_COMPILER_APPICON_NAME = AppIcon;
				ASSETCATALOG_COMPILER_GLOBAL_ACCENT_COLOR_NAME = AccentColor;
				CODE_SIGN_STYLE = Automatic;
				CURRENT_PROJECT_VERSION = 1;
				DEVELOPMENT_ASSET_PATHS = "\"Parks/Preview Content\"";
				DEVELOPMENT_TEAM = JA95FP3USP;
				ENABLE_PREVIEWS = YES;
				GENERATE_INFOPLIST_FILE = YES;
				INFOPLIST_KEY_UIApplicationSceneManifest_Generation = YES;
				INFOPLIST_KEY_UIApplicationSupportsIndirectInputEvents = YES;
				INFOPLIST_KEY_UILaunchScreen_Generation = YES;
				INFOPLIST_KEY_UISupportedInterfaceOrientations_iPad = "UIInterfaceOrientationPortrait UIInterfaceOrientationPortraitUpsideDown UIInterfaceOrientationLandscapeLeft UIInterfaceOrientationLandscapeRight";
				INFOPLIST_KEY_UISupportedInterfaceOrientations_iPhone = "UIInterfaceOrientationPortrait UIInterfaceOrientationLandscapeLeft UIInterfaceOrientationLandscapeRight";
				LD_RUNPATH_SEARCH_PATHS = (
					"$(inherited)",
					"@executable_path/Frameworks",
				);
				MARKETING_VERSION = 1.0;
				PRODUCT_BUNDLE_IDENTIFIER = edu.auburn.onlinecsse.Parks;
				PRODUCT_NAME = "$(TARGET_NAME)";
				SWIFT_EMIT_LOC_STRINGS = YES;
				SWIFT_VERSION = 5.0;
				TARGETED_DEVICE_FAMILY = "1,2";
			};
			name = Release;
		};
/* End XCBuildConfiguration section */

/* Begin XCConfigurationList section */
		ACD36B2929B9446B003ADFDA /* Build configuration list for PBXProject "Parks" */ = {
			isa = XCConfigurationList;
			buildConfigurations = (
				ACD36B3A29B9446C003ADFDA /* Debug */,
				ACD36B3B29B9446C003ADFDA /* Release */,
			);
			defaultConfigurationIsVisible = 0;
			defaultConfigurationName = Release;
		};
		ACD36B3C29B9446C003ADFDA /* Build configuration list for PBXNativeTarget "Parks" */ = {
			isa = XCConfigurationList;
			buildConfigurations = (
				ACD36B3D29B9446C003ADFDA /* Debug */,
				ACD36B3E29B9446C003ADFDA /* Release */,
			);
			defaultConfigurationIsVisible = 0;
			defaultConfigurationName = Release;
		};
/* End XCConfigurationList section */
	};
	rootObject = ACD36B2629B9446B003ADFDA /* Project object */;
}
